<?xml version="1.0" encoding="utf-8"?>
<Project ToolsVersion="4.0" xmlns="http://schemas.microsoft.com/developer/msbuild/2003">
  <ItemGroup>
    <Filter Include="Source Files">
      <UniqueIdentifier>{4FC737F1-C7A5-4376-A066-2A32D752A2FF}</UniqueIdentifier>
      <Extensions>cpp;cxx;c;def</Extensions>
    </Filter>
    <Filter Include="Header Files">
      <UniqueIdentifier>{93995380-89BD-4b04-88EB-625FBE52EBFB}</UniqueIdentifier>
      <Extensions>h</Extensions>
    </Filter>
    <Filter Include="Form Files">
      <UniqueIdentifier>{99349809-55BA-4b9d-BF79-8FDBB0286EB3}</UniqueIdentifier>
      <Extensions>ui</Extensions>
    </Filter>
    <Filter Include="Resource Files">
      <UniqueIdentifier>{D9D6E242-F8AF-46E4-B9FD-80ECBC20BA3E}</UniqueIdentifier>
      <Extensions>qrc;*</Extensions>
      <ParseFiles>false</ParseFiles>
    </Filter>
    <Filter Include="Generated Files">
      <UniqueIdentifier>{71ED8ED8-ACB9-4CE9-BBE1-E00B30144E11}</UniqueIdentifier>
      <Extensions>moc;h;cpp</Extensions>
      <SourceControlFiles>False</SourceControlFiles>
    </Filter>
    <Filter Include="Generated Files\Debug">
      <UniqueIdentifier>{6c88094a-fc22-4785-8759-ed5451ec2a52}</UniqueIdentifier>
      <Extensions>cpp;moc</Extensions>
      <SourceControlFiles>False</SourceControlFiles>
    </Filter>
    <Filter Include="Generated Files\Release">
      <UniqueIdentifier>{bf57b511-5da8-440b-a745-33cf0a833f49}</UniqueIdentifier>
      <Extensions>cpp;moc</Extensions>
      <SourceControlFiles>False</SourceControlFiles>
    </Filter>
    <Filter Include="Source Files\shape">
      <UniqueIdentifier>{a23b55cc-89a7-477d-8182-93ae8a36ec34}</UniqueIdentifier>
    </Filter>
    <Filter Include="Source Files\shaders">
      <UniqueIdentifier>{bc753ab6-d838-4761-bb0b-c7c0e48ffeaf}</UniqueIdentifier>
    </Filter>
    <Filter Include="Source Files\rule">
      <UniqueIdentifier>{c54bc906-8fae-4548-8de8-85e38284b90c}</UniqueIdentifier>
    </Filter>
  </ItemGroup>
  <ItemGroup>
    <ClCompile Include="main.cpp">
      <Filter>Source Files</Filter>
    </ClCompile>
    <ClCompile Include="MainWindow.cpp">
      <Filter>Source Files</Filter>
    </ClCompile>
    <ClCompile Include="GeneratedFiles\Debug\moc_MainWindow.cpp">
      <Filter>Generated Files\Debug</Filter>
    </ClCompile>
    <ClCompile Include="GeneratedFiles\Release\moc_MainWindow.cpp">
      <Filter>Generated Files\Release</Filter>
    </ClCompile>
    <ClCompile Include="GeneratedFiles\qrc_MainWindow.cpp">
      <Filter>Generated Files</Filter>
    </ClCompile>
    <ClCompile Include="Camera.cpp">
      <Filter>Source Files</Filter>
    </ClCompile>
    <ClCompile Include="Classifier.cpp">
      <Filter>Source Files</Filter>
    </ClCompile>
    <ClCompile Include="CVUtils.cpp">
      <Filter>Source Files</Filter>
    </ClCompile>
    <ClCompile Include="FacadeSegmentation.cpp">
      <Filter>Source Files</Filter>
    </ClCompile>
    <ClCompile Include="GLWidget3D.cpp">
      <Filter>Source Files</Filter>
    </ClCompile>
    <ClCompile Include="HoughTransform.cpp">
      <Filter>Source Files</Filter>
    </ClCompile>
    <ClCompile Include="Regression.cpp">
      <Filter>Source Files</Filter>
    </ClCompile>
    <ClCompile Include="RenderManager.cpp">
      <Filter>Source Files</Filter>
    </ClCompile>
    <ClCompile Include="Shader.cpp">
      <Filter>Source Files</Filter>
    </ClCompile>
    <ClCompile Include="ShadowMapping.cpp">
      <Filter>Source Files</Filter>
    </ClCompile>
    <ClCompile Include="Utils.cpp">
      <Filter>Source Files</Filter>
    </ClCompile>
    <ClCompile Include="Asset.cpp">
      <Filter>Source Files\shape</Filter>
    </ClCompile>
    <ClCompile Include="CenterOperator.cpp">
      <Filter>Source Files\rule</Filter>
    </ClCompile>
    <ClCompile Include="CGA.cpp">
      <Filter>Source Files\shape</Filter>
    </ClCompile>
    <ClCompile Include="Circle.cpp">
      <Filter>Source Files\shape</Filter>
    </ClCompile>
    <ClCompile Include="ColorOperator.cpp">
      <Filter>Source Files\rule</Filter>
    </ClCompile>
    <ClCompile Include="CompOperator.cpp">
      <Filter>Source Files\rule</Filter>
    </ClCompile>
    <ClCompile Include="CopyOperator.cpp">
      <Filter>Source Files\rule</Filter>
    </ClCompile>
    <ClCompile Include="CornerCutGableRoof.cpp">
      <Filter>Source Files\shape</Filter>
    </ClCompile>
    <ClCompile Include="CornerCutOperator.cpp">
      <Filter>Source Files\rule</Filter>
    </ClCompile>
    <ClCompile Include="CornerCutPrism.cpp">
      <Filter>Source Files\shape</Filter>
    </ClCompile>
    <ClCompile Include="CornerCutRectangle.cpp">
      <Filter>Source Files\shape</Filter>
    </ClCompile>
    <ClCompile Include="CornerCutTaper.cpp">
      <Filter>Source Files\shape</Filter>
    </ClCompile>
    <ClCompile Include="Cuboid.cpp">
      <Filter>Source Files\shape</Filter>
    </ClCompile>
    <ClCompile Include="Cylinder.cpp">
      <Filter>Source Files\shape</Filter>
    </ClCompile>
    <ClCompile Include="CylinderSide.cpp">
      <Filter>Source Files\shape</Filter>
    </ClCompile>
    <ClCompile Include="ExtrudeOperator.cpp">
      <Filter>Source Files\rule</Filter>
    </ClCompile>
    <ClCompile Include="GableRoof.cpp">
      <Filter>Source Files\shape</Filter>
    </ClCompile>
    <ClCompile Include="GeneralObject.cpp">
      <Filter>Source Files\shape</Filter>
    </ClCompile>
    <ClCompile Include="Hemisphere.cpp">
      <Filter>Source Files\shape</Filter>
    </ClCompile>
    <ClCompile Include="Grammar.cpp">
      <Filter>Source Files\rule</Filter>
    </ClCompile>
    <ClCompile Include="GrammarParser.cpp">
      <Filter>Source Files\rule</Filter>
    </ClCompile>
    <ClCompile Include="HemisphereOperator.cpp">
      <Filter>Source Files\rule</Filter>
    </ClCompile>
    <ClCompile Include="InnerCircleOperator.cpp">
      <Filter>Source Files\rule</Filter>
    </ClCompile>
    <ClCompile Include="InnerSemiCircleOperator.cpp">
      <Filter>Source Files\rule</Filter>
    </ClCompile>
    <ClCompile Include="InsertOperator.cpp">
      <Filter>Source Files\rule</Filter>
    </ClCompile>
    <ClCompile Include="HipRoof.cpp">
      <Filter>Source Files\shape</Filter>
    </ClCompile>
    <ClCompile Include="LShape.cpp">
      <Filter>Source Files\shape</Filter>
    </ClCompile>
    <ClCompile Include="LShapePrism.cpp">
      <Filter>Source Files\shape</Filter>
    </ClCompile>
    <ClCompile Include="LShapeTaper.cpp">
      <Filter>Source Files\shape</Filter>
    </ClCompile>
    <ClCompile Include="NumberEval.cpp">
      <Filter>Source Files\rule</Filter>
    </ClCompile>
    <ClCompile Include="OBJLoader.cpp">
      <Filter>Source Files\rule</Filter>
    </ClCompile>
    <ClCompile Include="Shape.cpp">
      <Filter>Source Files\shape</Filter>
    </ClCompile>
    <ClCompile Include="ShapeLOperator.cpp">
      <Filter>Source Files\rule</Filter>
    </ClCompile>
    <ClCompile Include="ShapeUOperator.cpp">
      <Filter>Source Files\rule</Filter>
    </ClCompile>
    <ClCompile Include="SizeOperator.cpp">
      <Filter>Source Files\rule</Filter>
    </ClCompile>
    <ClCompile Include="SplitOperator.cpp">
      <Filter>Source Files\rule</Filter>
    </ClCompile>
    <ClCompile Include="TaperOperator.cpp">
      <Filter>Source Files\rule</Filter>
    </ClCompile>
    <ClCompile Include="TextureOperator.cpp">
      <Filter>Source Files\rule</Filter>
    </ClCompile>
    <ClCompile Include="TranslateOperator.cpp">
      <Filter>Source Files\rule</Filter>
    </ClCompile>
    <ClCompile Include="OffsetOperator.cpp">
      <Filter>Source Files\rule</Filter>
    </ClCompile>
    <ClCompile Include="SetupProjectionOperator.cpp">
      <Filter>Source Files\rule</Filter>
    </ClCompile>
    <ClCompile Include="RoofGableOperator.cpp">
      <Filter>Source Files\rule</Filter>
    </ClCompile>
    <ClCompile Include="RoofHipOperator.cpp">
      <Filter>Source Files\rule</Filter>
    </ClCompile>
    <ClCompile Include="RotateOperator.cpp">
      <Filter>Source Files\rule</Filter>
    </ClCompile>
    <ClCompile Include="PyramidOperator.cpp">
      <Filter>Source Files\rule</Filter>
    </ClCompile>
    <ClCompile Include="UShape.cpp">
      <Filter>Source Files\shape</Filter>
    </ClCompile>
    <ClCompile Include="UShapePrism.cpp">
      <Filter>Source Files\shape</Filter>
    </ClCompile>
    <ClCompile Include="UShapeTaper.cpp">
      <Filter>Source Files\shape</Filter>
    </ClCompile>
    <ClCompile Include="Polygon.cpp">
      <Filter>Source Files\shape</Filter>
    </ClCompile>
    <ClCompile Include="Prism.cpp">
      <Filter>Source Files\shape</Filter>
    </ClCompile>
    <ClCompile Include="Pyramid.cpp">
      <Filter>Source Files\shape</Filter>
    </ClCompile>
    <ClCompile Include="Rectangle.cpp">
      <Filter>Source Files\shape</Filter>
    </ClCompile>
    <ClCompile Include="RectangleTaper.cpp">
      <Filter>Source Files\shape</Filter>
    </ClCompile>
    <ClCompile Include="SemiCircle.cpp">
      <Filter>Source Files\shape</Filter>
    </ClCompile>
    <ClCompile Include="VanishingPoint.cpp">
      <Filter>Source Files</Filter>
    </ClCompile>
    <ClCompile Include="OptionDialog.cpp">
      <Filter>Source Files</Filter>
    </ClCompile>
    <ClCompile Include="GeneratedFiles\Debug\moc_OptionDialog.cpp">
      <Filter>Generated Files\Debug</Filter>
    </ClCompile>
    <ClCompile Include="GeneratedFiles\Release\moc_OptionDialog.cpp">
      <Filter>Generated Files\Release</Filter>
    </ClCompile>
    <ClCompile Include="GLUtils.cpp">
      <Filter>Source Files\shape</Filter>
    </ClCompile>
    <ClCompile Include="MassReconstructionDialog.cpp">
      <Filter>Source Files</Filter>
    </ClCompile>
    <ClCompile Include="GeneratedFiles\Debug\moc_MassReconstructionDialog.cpp">
      <Filter>Generated Files\Debug</Filter>
    </ClCompile>
    <ClCompile Include="GeneratedFiles\Release\moc_MassReconstructionDialog.cpp">
      <Filter>Generated Files\Release</Filter>
    </ClCompile>
    <ClCompile Include="MassReconstruction.cpp">
      <Filter>Source Files</Filter>
    </ClCompile>
    <ClCompile Include="FacadeReconstruction.cpp">
      <Filter>Source Files</Filter>
    </ClCompile>
  </ItemGroup>
  <ItemGroup>
    <CustomBuild Include="MainWindow.h">
      <Filter>Header Files</Filter>
    </CustomBuild>
    <CustomBuild Include="MainWindow.ui">
      <Filter>Form Files</Filter>
    </CustomBuild>
    <CustomBuild Include="MainWindow.qrc">
      <Filter>Resource Files</Filter>
    </CustomBuild>
    <CustomBuild Include="OptionDialog.h">
      <Filter>Header Files</Filter>
    </CustomBuild>
    <CustomBuild Include="OptionDialog.ui">
      <Filter>Form Files</Filter>
    </CustomBuild>
    <CustomBuild Include="MassReconstructionDialog.h">
      <Filter>Header Files</Filter>
    </CustomBuild>
    <CustomBuild Include="MassReconstructionDialog.ui">
      <Filter>Form Files</Filter>
    </CustomBuild>
  </ItemGroup>
  <ItemGroup>
    <ClInclude Include="GeneratedFiles\ui_MainWindow.h">
      <Filter>Generated Files</Filter>
    </ClInclude>
    <ClInclude Include="Asset.h">
      <Filter>Source Files\shape</Filter>
    </ClInclude>
    <ClInclude Include="CenterOperator.h">
      <Filter>Source Files\rule</Filter>
    </ClInclude>
    <ClInclude Include="CGA.h">
      <Filter>Source Files\shape</Filter>
    </ClInclude>
    <ClInclude Include="Circle.h">
      <Filter>Source Files\shape</Filter>
    </ClInclude>
    <ClInclude Include="ColorOperator.h">
      <Filter>Source Files\rule</Filter>
    </ClInclude>
    <ClInclude Include="CompOperator.h">
      <Filter>Source Files\rule</Filter>
    </ClInclude>
    <ClInclude Include="CopyOperator.h">
      <Filter>Source Files\rule</Filter>
    </ClInclude>
    <ClInclude Include="CornerCutGableRoof.h">
      <Filter>Source Files\shape</Filter>
    </ClInclude>
    <ClInclude Include="CornerCutOperator.h">
      <Filter>Source Files\rule</Filter>
    </ClInclude>
    <ClInclude Include="CornerCutPrism.h">
      <Filter>Source Files\shape</Filter>
    </ClInclude>
    <ClInclude Include="CornerCutRectangle.h">
      <Filter>Source Files\shape</Filter>
    </ClInclude>
    <ClInclude Include="CornerCutTaper.h">
      <Filter>Source Files\shape</Filter>
    </ClInclude>
    <ClInclude Include="Cuboid.h">
      <Filter>Source Files\shape</Filter>
    </ClInclude>
    <ClInclude Include="Cylinder.h">
      <Filter>Source Files\shape</Filter>
    </ClInclude>
    <ClInclude Include="CylinderSide.h">
      <Filter>Source Files\shape</Filter>
    </ClInclude>
    <ClInclude Include="ExtrudeOperator.h">
      <Filter>Source Files\rule</Filter>
    </ClInclude>
    <ClInclude Include="GableRoof.h">
      <Filter>Source Files\shape</Filter>
    </ClInclude>
    <ClInclude Include="GeneralObject.h">
      <Filter>Source Files\shape</Filter>
    </ClInclude>
    <ClInclude Include="Hemisphere.h">
      <Filter>Source Files\shape</Filter>
    </ClInclude>
    <ClInclude Include="Grammar.h">
      <Filter>Source Files\rule</Filter>
    </ClInclude>
    <ClInclude Include="GrammarParser.h">
      <Filter>Source Files\rule</Filter>
    </ClInclude>
    <ClInclude Include="HemisphereOperator.h">
      <Filter>Source Files\rule</Filter>
    </ClInclude>
    <ClInclude Include="InnerCircleOperator.h">
      <Filter>Source Files\rule</Filter>
    </ClInclude>
    <ClInclude Include="InnerSemiCircleOperator.h">
      <Filter>Source Files\rule</Filter>
    </ClInclude>
    <ClInclude Include="InsertOperator.h">
      <Filter>Source Files\rule</Filter>
    </ClInclude>
    <ClInclude Include="HipRoof.h">
      <Filter>Source Files\shape</Filter>
    </ClInclude>
    <ClInclude Include="LShape.h">
      <Filter>Source Files\shape</Filter>
    </ClInclude>
    <ClInclude Include="LShapePrism.h">
      <Filter>Source Files\shape</Filter>
    </ClInclude>
    <ClInclude Include="LShapeTaper.h">
      <Filter>Source Files\shape</Filter>
    </ClInclude>
    <ClInclude Include="NumberEval.h">
      <Filter>Source Files\rule</Filter>
    </ClInclude>
    <ClInclude Include="OBJLoader.h">
      <Filter>Source Files\rule</Filter>
    </ClInclude>
    <ClInclude Include="Shape.h">
      <Filter>Source Files\shape</Filter>
    </ClInclude>
    <ClInclude Include="ShapeLOperator.h">
      <Filter>Source Files\rule</Filter>
    </ClInclude>
    <ClInclude Include="ShapeUOperator.h">
      <Filter>Source Files\rule</Filter>
    </ClInclude>
    <ClInclude Include="SizeOperator.h">
      <Filter>Source Files\rule</Filter>
    </ClInclude>
    <ClInclude Include="SplitOperator.h">
      <Filter>Source Files\rule</Filter>
    </ClInclude>
    <ClInclude Include="TaperOperator.h">
      <Filter>Source Files\rule</Filter>
    </ClInclude>
    <ClInclude Include="TextureOperator.h">
      <Filter>Source Files\rule</Filter>
    </ClInclude>
    <ClInclude Include="TranslateOperator.h">
      <Filter>Source Files\rule</Filter>
    </ClInclude>
    <ClInclude Include="OffsetOperator.h">
      <Filter>Source Files\rule</Filter>
    </ClInclude>
    <ClInclude Include="SetupProjectionOperator.h">
      <Filter>Source Files\rule</Filter>
    </ClInclude>
    <ClInclude Include="RoofGableOperator.h">
      <Filter>Source Files\rule</Filter>
    </ClInclude>
    <ClInclude Include="RoofHipOperator.h">
      <Filter>Source Files\rule</Filter>
    </ClInclude>
    <ClInclude Include="RotateOperator.h">
      <Filter>Source Files\rule</Filter>
    </ClInclude>
    <ClInclude Include="PyramidOperator.h">
      <Filter>Source Files\rule</Filter>
    </ClInclude>
    <ClInclude Include="UShape.h">
      <Filter>Source Files\shape</Filter>
    </ClInclude>
    <ClInclude Include="UShapePrism.h">
      <Filter>Source Files\shape</Filter>
    </ClInclude>
    <ClInclude Include="UShapeTaper.h">
      <Filter>Source Files\shape</Filter>
    </ClInclude>
    <ClInclude Include="Polygon.h">
      <Filter>Source Files\shape</Filter>
    </ClInclude>
    <ClInclude Include="Prism.h">
      <Filter>Source Files\shape</Filter>
    </ClInclude>
    <ClInclude Include="Pyramid.h">
      <Filter>Source Files\shape</Filter>
    </ClInclude>
    <ClInclude Include="Rectangle.h">
      <Filter>Source Files\shape</Filter>
    </ClInclude>
    <ClInclude Include="RectangleTaper.h">
      <Filter>Source Files\shape</Filter>
    </ClInclude>
    <ClInclude Include="SemiCircle.h">
      <Filter>Source Files\shape</Filter>
    </ClInclude>
    <ClInclude Include="Vertex.h">
      <Filter>Header Files</Filter>
    </ClInclude>
    <ClInclude Include="VanishingPoint.h">
      <Filter>Header Files</Filter>
    </ClInclude>
    <ClInclude Include="Utils.h">
      <Filter>Header Files</Filter>
    </ClInclude>
    <ClInclude Include="ShadowMapping.h">
      <Filter>Header Files</Filter>
    </ClInclude>
    <ClInclude Include="Shader.h">
      <Filter>Header Files</Filter>
    </ClInclude>
    <ClInclude Include="RenderManager.h">
      <Filter>Header Files</Filter>
    </ClInclude>
    <ClInclude Include="HoughTransform.h">
      <Filter>Header Files</Filter>
    </ClInclude>
    <ClInclude Include="Regression.h">
      <Filter>Header Files</Filter>
    </ClInclude>
    <ClInclude Include="GLWidget3D.h">
      <Filter>Header Files</Filter>
    </ClInclude>
    <ClInclude Include="FacadeSegmentation.h">
      <Filter>Header Files</Filter>
    </ClInclude>
    <ClInclude Include="CVUtils.h">
      <Filter>Header Files</Filter>
    </ClInclude>
    <ClInclude Include="Camera.h">
      <Filter>Header Files</Filter>
    </ClInclude>
    <ClInclude Include="Classifier.h">
      <Filter>Header Files</Filter>
    </ClInclude>
    <ClInclude Include="GeneratedFiles\ui_OptionDialog.h">
      <Filter>Generated Files</Filter>
    </ClInclude>
    <ClInclude Include="GLUtils.h">
      <Filter>Source Files\shape</Filter>
    </ClInclude>
    <ClInclude Include="GeneratedFiles\ui_MassReconstructionDialog.h">
      <Filter>Generated Files</Filter>
    </ClInclude>
    <ClInclude Include="MassReconstruction.h">
      <Filter>Header Files</Filter>
    </ClInclude>
    <ClInclude Include="FacadeReconstruction.h">
      <Filter>Header Files</Filter>
    </ClInclude>
  </ItemGroup>
  <ItemGroup>
    <None Include="..\shaders\lc_frag_blur.glsl">
      <Filter>Source Files\shaders</Filter>
    </None>
    <None Include="..\shaders\lc_frag_contour.glsl">
      <Filter>Source Files\shaders</Filter>
    </None>
    <None Include="..\shaders\lc_frag_line.glsl">
      <Filter>Source Files\shaders</Filter>
    </None>
    <None Include="..\shaders\lc_frag_pass1.glsl">
      <Filter>Source Files\shaders</Filter>
    </None>
    <None Include="..\shaders\lc_frag_shadow.glsl">
      <Filter>Source Files\shaders</Filter>
    </None>
    <None Include="..\shaders\lc_frag_ssao.glsl">
      <Filter>Source Files\shaders</Filter>
    </None>
    <None Include="..\shaders\lc_vert_blur.glsl">
      <Filter>Source Files\shaders</Filter>
    </None>
    <None Include="..\shaders\lc_vert_contour.glsl">
      <Filter>Source Files\shaders</Filter>
    </None>
    <None Include="..\shaders\lc_vert_line.glsl">
      <Filter>Source Files\shaders</Filter>
    </None>
    <None Include="..\shaders\lc_vert_pass1.glsl">
      <Filter>Source Files\shaders</Filter>
    </None>
    <None Include="..\shaders\lc_vert_shadow.glsl">
      <Filter>Source Files\shaders</Filter>
    </None>
    <None Include="..\shaders\lc_vert_ssao.glsl">
      <Filter>Source Files\shaders</Filter>
    </None>
  </ItemGroup>
</Project>